// !$*UTF8*$!
{
	archiveVersion = 1;
	classes = {
	};
	objectVersion = 77;
	objects = {

/* Begin PBXBuildFile section */
		77ACB4B62D74EA80003AA09B /* FirebaseAuth in Frameworks */ = {isa = PBXBuildFile; productRef = 77ACB4B52D74EA80003AA09B /* FirebaseAuth */; };
		77ACB4B82D74EA80003AA09B /* FirebaseFirestore in Frameworks */ = {isa = PBXBuildFile; productRef = 77ACB4B72D74EA80003AA09B /* FirebaseFirestore */; };
		77ACB4CE2D750FC9003AA09B /* Launch Screen 2.storyboard in Resources */ = {isa = PBXBuildFile; fileRef = 77ACB4BD2D750FC9003AA09B /* Launch Screen 2.storyboard */; };
/* End PBXBuildFile section */

/* Begin PBXContainerItemProxy section */
		7721891D2D728DD300BCDBF3 /* PBXContainerItemProxy */ = {
			isa = PBXContainerItemProxy;
			containerPortal = 772189042D728DCA00BCDBF3 /* Project object */;
			proxyType = 1;
			remoteGlobalIDString = 7721890B2D728DCA00BCDBF3;
			remoteInfo = UpToYou;
		};
		772189272D728DD300BCDBF3 /* PBXContainerItemProxy */ = {
			isa = PBXContainerItemProxy;
			containerPortal = 772189042D728DCA00BCDBF3 /* Project object */;
			proxyType = 1;
			remoteGlobalIDString = 7721890B2D728DCA00BCDBF3;
			remoteInfo = UpToYou;
		};
/* End PBXContainerItemProxy section */

/* Begin PBXFileReference section */
		7721890C2D728DCA00BCDBF3 /* UpToYou.app */ = {isa = PBXFileReference; explicitFileType = wrapper.application; includeInIndex = 0; path = UpToYou.app; sourceTree = BUILT_PRODUCTS_DIR; };
		7721891C2D728DD300BCDBF3 /* UpToYouTests.xctest */ = {isa = PBXFileReference; explicitFileType = wrapper.cfbundle; includeInIndex = 0; path = UpToYouTests.xctest; sourceTree = BUILT_PRODUCTS_DIR; };
		772189262D728DD300BCDBF3 /* UpToYouUITests.xctest */ = {isa = PBXFileReference; explicitFileType = wrapper.cfbundle; includeInIndex = 0; path = UpToYouUITests.xctest; sourceTree = BUILT_PRODUCTS_DIR; };
		77ACB4BD2D750FC9003AA09B /* Launch Screen 2.storyboard */ = {isa = PBXFileReference; lastKnownFileType = file.storyboard; path = "Launch Screen 2.storyboard"; sourceTree = "<group>"; };
/* End PBXFileReference section */

/* Begin PBXFileSystemSynchronizedRootGroup section */
		7721890E2D728DCA00BCDBF3 /* UpToYou */ = {
			isa = PBXFileSystemSynchronizedRootGroup;
			path = UpToYou;
			sourceTree = "<group>";
		};
		7721891F2D728DD300BCDBF3 /* UpToYouTests */ = {
			isa = PBXFileSystemSynchronizedRootGroup;
			path = UpToYouTests;
			sourceTree = "<group>";
		};
		772189292D728DD300BCDBF3 /* UpToYouUITests */ = {
			isa = PBXFileSystemSynchronizedRootGroup;
			path = UpToYouUITests;
			sourceTree = "<group>";
		};
/* End PBXFileSystemSynchronizedRootGroup section */

/* Begin PBXFrameworksBuildPhase section */
		772189092D728DCA00BCDBF3 /* Frameworks */ = {
			isa = PBXFrameworksBuildPhase;
			buildActionMask = 2147483647;
			files = (
				77ACB4B62D74EA80003AA09B /* FirebaseAuth in Frameworks */,
				77ACB4B82D74EA80003AA09B /* FirebaseFirestore in Frameworks */,
			);
			runOnlyForDeploymentPostprocessing = 0;
		};
		772189192D728DD300BCDBF3 /* Frameworks */ = {
			isa = PBXFrameworksBuildPhase;
			buildActionMask = 2147483647;
			files = (
			);
			runOnlyForDeploymentPostprocessing = 0;
		};
		772189232D728DD300BCDBF3 /* Frameworks */ = {
			isa = PBXFrameworksBuildPhase;
			buildActionMask = 2147483647;
			files = (
			);
			runOnlyForDeploymentPostprocessing = 0;
		};
/* End PBXFrameworksBuildPhase section */

/* Begin PBXGroup section */
		772189032D728DCA00BCDBF3 = {
			isa = PBXGroup;
			children = (
				77ACB4BD2D750FC9003AA09B /* Launch Screen 2.storyboard */,
				7721890E2D728DCA00BCDBF3 /* UpToYou */,
				7721891F2D728DD300BCDBF3 /* UpToYouTests */,
				772189292D728DD300BCDBF3 /* UpToYouUITests */,
				7721890D2D728DCA00BCDBF3 /* Products */,
			);
			sourceTree = "<group>";
		};
		7721890D2D728DCA00BCDBF3 /* Products */ = {
			isa = PBXGroup;
			children = (
				7721890C2D728DCA00BCDBF3 /* UpToYou.app */,
				7721891C2D728DD300BCDBF3 /* UpToYouTests.xctest */,
				772189262D728DD300BCDBF3 /* UpToYouUITests.xctest */,
			);
			name = Products;
			sourceTree = "<group>";
		};
/* End PBXGroup section */

/* Begin PBXNativeTarget section */
		7721890B2D728DCA00BCDBF3 /* UpToYou */ = {
			isa = PBXNativeTarget;
			buildConfigurationList = 772189302D728DD300BCDBF3 /* Build configuration list for PBXNativeTarget "UpToYou" */;
			buildPhases = (
				772189082D728DCA00BCDBF3 /* Sources */,
				772189092D728DCA00BCDBF3 /* Frameworks */,
				7721890A2D728DCA00BCDBF3 /* Resources */,
			);
			buildRules = (
			);
			dependencies = (
			);
			fileSystemSynchronizedGroups = (
				7721890E2D728DCA00BCDBF3 /* UpToYou */,
			);
			name = UpToYou;
			packageProductDependencies = (
				77ACB4B52D74EA80003AA09B /* FirebaseAuth */,
				77ACB4B72D74EA80003AA09B /* FirebaseFirestore */,
			);
			productName = UpToYou;
			productReference = 7721890C2D728DCA00BCDBF3 /* UpToYou.app */;
			productType = "com.apple.product-type.application";
		};
		7721891B2D728DD300BCDBF3 /* UpToYouTests */ = {
			isa = PBXNativeTarget;
			buildConfigurationList = 772189332D728DD300BCDBF3 /* Build configuration list for PBXNativeTarget "UpToYouTests" */;
			buildPhases = (
				772189182D728DD300BCDBF3 /* Sources */,
				772189192D728DD300BCDBF3 /* Frameworks */,
				7721891A2D728DD300BCDBF3 /* Resources */,
			);
			buildRules = (
			);
			dependencies = (
				7721891E2D728DD300BCDBF3 /* PBXTargetDependency */,
			);
			fileSystemSynchronizedGroups = (
				7721891F2D728DD300BCDBF3 /* UpToYouTests */,
			);
			name = UpToYouTests;
			packageProductDependencies = (
			);
			productName = UpToYouTests;
			productReference = 7721891C2D728DD300BCDBF3 /* UpToYouTests.xctest */;
			productType = "com.apple.product-type.bundle.unit-test";
		};
		772189252D728DD300BCDBF3 /* UpToYouUITests */ = {
			isa = PBXNativeTarget;
			buildConfigurationList = 772189362D728DD300BCDBF3 /* Build configuration list for PBXNativeTarget "UpToYouUITests" */;
			buildPhases = (
				772189222D728DD300BCDBF3 /* Sources */,
				772189232D728DD300BCDBF3 /* Frameworks */,
				772189242D728DD300BCDBF3 /* Resources */,
			);
			buildRules = (
			);
			dependencies = (
				772189282D728DD300BCDBF3 /* PBXTargetDependency */,
			);
			fileSystemSynchronizedGroups = (
				772189292D728DD300BCDBF3 /* UpToYouUITests */,
			);
			name = UpToYouUITests;
			packageProductDependencies = (
			);
			productName = UpToYouUITests;
			productReference = 772189262D728DD300BCDBF3 /* UpToYouUITests.xctest */;
			productType = "com.apple.product-type.bundle.ui-testing";
		};
/* End PBXNativeTarget section */

/* Begin PBXProject section */
		772189042D728DCA00BCDBF3 /* Project object */ = {
			isa = PBXProject;
			attributes = {
				BuildIndependentTargetsInParallel = 1;
				LastSwiftUpdateCheck = 1620;
				LastUpgradeCheck = 1620;
				TargetAttributes = {
					7721890B2D728DCA00BCDBF3 = {
						CreatedOnToolsVersion = 16.2;
					};
					7721891B2D728DD300BCDBF3 = {
						CreatedOnToolsVersion = 16.2;
						TestTargetID = 7721890B2D728DCA00BCDBF3;
					};
					772189252D728DD300BCDBF3 = {
						CreatedOnToolsVersion = 16.2;
						TestTargetID = 7721890B2D728DCA00BCDBF3;
					};
				};
			};
			buildConfigurationList = 772189072D728DCA00BCDBF3 /* Build configuration list for PBXProject "UpToYou" */;
			developmentRegion = en;
			hasScannedForEncodings = 0;
			knownRegions = (
				en,
				Base,
			);
			mainGroup = 772189032D728DCA00BCDBF3;
			minimizedProjectReferenceProxies = 1;
			packageReferences = (
				77ACB4B42D74E878003AA09B /* XCRemoteSwiftPackageReference "firebase-ios-sdk" */,
			);
			preferredProjectObjectVersion = 77;
			productRefGroup = 7721890D2D728DCA00BCDBF3 /* Products */;
			projectDirPath = "";
			projectRoot = "";
			targets = (
				7721890B2D728DCA00BCDBF3 /* UpToYou */,
				7721891B2D728DD300BCDBF3 /* UpToYouTests */,
				772189252D728DD300BCDBF3 /* UpToYouUITests */,
			);
		};
/* End PBXProject section */

/* Begin PBXResourcesBuildPhase section */
		7721890A2D728DCA00BCDBF3 /* Resources */ = {
			isa = PBXResourcesBuildPhase;
			buildActionMask = 2147483647;
			files = (
				77ACB4CE2D750FC9003AA09B /* Launch Screen 2.storyboard in Resources */,
			);
			runOnlyForDeploymentPostprocessing = 0;
		};
		7721891A2D728DD300BCDBF3 /* Resources */ = {
			isa = PBXResourcesBuildPhase;
			buildActionMask = 2147483647;
			files = (
			);
			runOnlyForDeploymentPostprocessing = 0;
		};
		772189242D728DD300BCDBF3 /* Resources */ = {
			isa = PBXResourcesBuildPhase;
			buildActionMask = 2147483647;
			files = (
			);
			runOnlyForDeploymentPostprocessing = 0;
		};
/* End PBXResourcesBuildPhase section */

/* Begin PBXSourcesBuildPhase section */
		772189082D728DCA00BCDBF3 /* Sources */ = {
			isa = PBXSourcesBuildPhase;
			buildActionMask = 2147483647;
			files = (
			);
			runOnlyForDeploymentPostprocessing = 0;
		};
		772189182D728DD300BCDBF3 /* Sources */ = {
			isa = PBXSourcesBuildPhase;
			buildActionMask = 2147483647;
			files = (
			);
			runOnlyForDeploymentPostprocessing = 0;
		};
		772189222D728DD300BCDBF3 /* Sources */ = {
			isa = PBXSourcesBuildPhase;
			buildActionMask = 2147483647;
			files = (
			);
			runOnlyForDeploymentPostprocessing = 0;
		};
/* End PBXSourcesBuildPhase section */

/* Begin PBXTargetDependency section */
		7721891E2D728DD300BCDBF3 /* PBXTargetDependency */ = {
			isa = PBXTargetDependency;
			target = 7721890B2D728DCA00BCDBF3 /* UpToYou */;
			targetProxy = 7721891D2D728DD300BCDBF3 /* PBXContainerItemProxy */;
		};
		772189282D728DD300BCDBF3 /* PBXTargetDependency */ = {
			isa = PBXTargetDependency;
			target = 7721890B2D728DCA00BCDBF3 /* UpToYou */;
			targetProxy = 772189272D728DD300BCDBF3 /* PBXContainerItemProxy */;
		};
/* End PBXTargetDependency section */

/* Begin XCBuildConfiguration section */
		7721892E2D728DD300BCDBF3 /* Debug */ = {
			isa = XCBuildConfiguration;
			buildSettings = {
				ALWAYS_SEARCH_USER_PATHS = NO;
				ASSETCATALOG_COMPILER_GENERATE_SWIFT_ASSET_SYMBOL_EXTENSIONS = YES;
				CLANG_ANALYZER_NONNULL = YES;
				CLANG_ANALYZER_NUMBER_OBJECT_CONVERSION = YES_AGGRESSIVE;
				CLANG_CXX_LANGUAGE_STANDARD = "gnu++20";
				CLANG_ENABLE_MODULES = YES;
				CLANG_ENABLE_OBJC_ARC = YES;
				CLANG_ENABLE_OBJC_WEAK = YES;
				CLANG_WARN_BLOCK_CAPTURE_AUTORELEASING = YES;
				CLANG_WARN_BOOL_CONVERSION = YES;
				CLANG_WARN_COMMA = YES;
				CLANG_WARN_CONSTANT_CONVERSION = YES;
				CLANG_WARN_DEPRECATED_OBJC_IMPLEMENTATIONS = YES;
				CLANG_WARN_DIRECT_OBJC_ISA_USAGE = YES_ERROR;
				CLANG_WARN_DOCUMENTATION_COMMENTS = YES;
				CLANG_WARN_EMPTY_BODY = YES;
				CLANG_WARN_ENUM_CONVERSION = YES;
				CLANG_WARN_INFINITE_RECURSION = YES;
				CLANG_WARN_INT_CONVERSION = YES;
				CLANG_WARN_NON_LITERAL_NULL_CONVERSION = YES;
				CLANG_WARN_OBJC_IMPLICIT_RETAIN_SELF = YES;
				CLANG_WARN_OBJC_LITERAL_CONVERSION = YES;
				CLANG_WARN_OBJC_ROOT_CLASS = YES_ERROR;
				CLANG_WARN_QUOTED_INCLUDE_IN_FRAMEWORK_HEADER = YES;
				CLANG_WARN_RANGE_LOOP_ANALYSIS = YES;
				CLANG_WARN_STRICT_PROTOTYPES = YES;
				CLANG_WARN_SUSPICIOUS_MOVE = YES;
				CLANG_WARN_UNGUARDED_AVAILABILITY = YES_AGGRESSIVE;
				CLANG_WARN_UNREACHABLE_CODE = YES;
				CLANG_WARN__DUPLICATE_METHOD_MATCH = YES;
				COPY_PHASE_STRIP = NO;
				DEBUG_INFORMATION_FORMAT = dwarf;
				ENABLE_STRICT_OBJC_MSGSEND = YES;
				ENABLE_TESTABILITY = YES;
				ENABLE_USER_SCRIPT_SANDBOXING = YES;
				GCC_C_LANGUAGE_STANDARD = gnu17;
				GCC_DYNAMIC_NO_PIC = NO;
				GCC_NO_COMMON_BLOCKS = YES;
				GCC_OPTIMIZATION_LEVEL = 0;
				GCC_PREPROCESSOR_DEFINITIONS = (
					"DEBUG=1",
					"$(inherited)",
				);
				GCC_WARN_64_TO_32_BIT_CONVERSION = YES;
				GCC_WARN_ABOUT_RETURN_TYPE = YES_ERROR;
				GCC_WARN_UNDECLARED_SELECTOR = YES;
				GCC_WARN_UNINITIALIZED_AUTOS = YES_AGGRESSIVE;
				GCC_WARN_UNUSED_FUNCTION = YES;
				GCC_WARN_UNUSED_VARIABLE = YES;
				IPHONEOS_DEPLOYMENT_TARGET = 18.2;
				LOCALIZATION_PREFERS_STRING_CATALOGS = YES;
				MTL_ENABLE_DEBUG_INFO = INCLUDE_SOURCE;
				MTL_FAST_MATH = YES;
				ONLY_ACTIVE_ARCH = YES;
				SDKROOT = iphoneos;
				SWIFT_ACTIVE_COMPILATION_CONDITIONS = "DEBUG $(inherited)";
				SWIFT_OPTIMIZATION_LEVEL = "-Onone";
			};
			name = Debug;
		};
		7721892F2D728DD300BCDBF3 /* Release */ = {
			isa = XCBuildConfiguration;
			buildSettings = {
				ALWAYS_SEARCH_USER_PATHS = NO;
				ASSETCATALOG_COMPILER_GENERATE_SWIFT_ASSET_SYMBOL_EXTENSIONS = YES;
				CLANG_ANALYZER_NONNULL = YES;
				CLANG_ANALYZER_NUMBER_OBJECT_CONVERSION = YES_AGGRESSIVE;
				CLANG_CXX_LANGUAGE_STANDARD = "gnu++20";
				CLANG_ENABLE_MODULES = YES;
				CLANG_ENABLE_OBJC_ARC = YES;
				CLANG_ENABLE_OBJC_WEAK = YES;
				CLANG_WARN_BLOCK_CAPTURE_AUTORELEASING = YES;
				CLANG_WARN_BOOL_CONVERSION = YES;
				CLANG_WARN_COMMA = YES;
				CLANG_WARN_CONSTANT_CONVERSION = YES;
				CLANG_WARN_DEPRECATED_OBJC_IMPLEMENTATIONS = YES;
				CLANG_WARN_DIRECT_OBJC_ISA_USAGE = YES_ERROR;
				CLANG_WARN_DOCUMENTATION_COMMENTS = YES;
				CLANG_WARN_EMPTY_BODY = YES;
				CLANG_WARN_ENUM_CONVERSION = YES;
				CLANG_WARN_INFINITE_RECURSION = YES;
				CLANG_WARN_INT_CONVERSION = YES;
				CLANG_WARN_NON_LITERAL_NULL_CONVERSION = YES;
				CLANG_WARN_OBJC_IMPLICIT_RETAIN_SELF = YES;
				CLANG_WARN_OBJC_LITERAL_CONVERSION = YES;
				CLANG_WARN_OBJC_ROOT_CLASS = YES_ERROR;
				CLANG_WARN_QUOTED_INCLUDE_IN_FRAMEWORK_HEADER = YES;
				CLANG_WARN_RANGE_LOOP_ANALYSIS = YES;
				CLANG_WARN_STRICT_PROTOTYPES = YES;
				CLANG_WARN_SUSPICIOUS_MOVE = YES;
				CLANG_WARN_UNGUARDED_AVAILABILITY = YES_AGGRESSIVE;
				CLANG_WARN_UNREACHABLE_CODE = YES;
				CLANG_WARN__DUPLICATE_METHOD_MATCH = YES;
				COPY_PHASE_STRIP = NO;
				DEBUG_INFORMATION_FORMAT = "dwarf-with-dsym";
				ENABLE_NS_ASSERTIONS = NO;
				ENABLE_STRICT_OBJC_MSGSEND = YES;
				ENABLE_USER_SCRIPT_SANDBOXING = YES;
				GCC_C_LANGUAGE_STANDARD = gnu17;
				GCC_NO_COMMON_BLOCKS = YES;
				GCC_WARN_64_TO_32_BIT_CONVERSION = YES;
				GCC_WARN_ABOUT_RETURN_TYPE = YES_ERROR;
				GCC_WARN_UNDECLARED_SELECTOR = YES;
				GCC_WARN_UNINITIALIZED_AUTOS = YES_AGGRESSIVE;
				GCC_WARN_UNUSED_FUNCTION = YES;
				GCC_WARN_UNUSED_VARIABLE = YES;
				IPHONEOS_DEPLOYMENT_TARGET = 18.2;
				LOCALIZATION_PREFERS_STRING_CATALOGS = YES;
				MTL_ENABLE_DEBUG_INFO = NO;
				MTL_FAST_MATH = YES;
				SDKROOT = iphoneos;
				SWIFT_COMPILATION_MODE = wholemodule;
				VALIDATE_PRODUCT = YES;
			};
			name = Release;
		};
		772189312D728DD300BCDBF3 /* Debug */ = {
			isa = XCBuildConfiguration;
			buildSettings = {
				ASSETCATALOG_COMPILER_APPICON_NAME = AppIcon;
				ASSETCATALOG_COMPILER_GLOBAL_ACCENT_COLOR_NAME = AccentColor;
				ASSETCATALOG_COMPILER_INCLUDE_ALL_APPICON_ASSETS = YES;
				CODE_SIGN_STYLE = Automatic;
				CURRENT_PROJECT_VERSION = 1;
				DEVELOPMENT_ASSET_PATHS = "\"UpToYou/Preview Content\"";
				ENABLE_PREVIEWS = YES;
				GENERATE_INFOPLIST_FILE = YES;
				INFOPLIST_KEY_UIApplicationSceneManifest_Generation = YES;
				INFOPLIST_KEY_UIApplicationSupportsIndirectInputEvents = YES;
				INFOPLIST_KEY_UILaunchScreen_Generation = YES;
				INFOPLIST_KEY_UISupportedInterfaceOrientations_iPad = "UIInterfaceOrientationPortrait UIInterfaceOrientationPortraitUpsideDown UIInterfaceOrientationLandscapeLeft UIInterfaceOrientationLandscapeRight";
				INFOPLIST_KEY_UISupportedInterfaceOrientations_iPhone = "UIInterfaceOrientationPortrait UIInterfaceOrientationLandscapeLeft UIInterfaceOrientationLandscapeRight";
				IPHONEOS_DEPLOYMENT_TARGET = 17.6;
				LD_RUNPATH_SEARCH_PATHS = (
					"$(inherited)",
					"@executable_path/Frameworks",
				);
				MARKETING_VERSION = 1.0;
				PRODUCT_BUNDLE_IDENTIFIER = com.Matt.UpToYou;
				PRODUCT_NAME = "$(TARGET_NAME)";
				SWIFT_EMIT_LOC_STRINGS = YES;
				SWIFT_VERSION = 5.0;
				TARGETED_DEVICE_FAMILY = "1,2";
			};
			name = Debug;
		};
		772189322D728DD300BCDBF3 /* Release */ = {
			isa = XCBuildConfiguration;
			buildSettings = {
				ASSETCATALOG_COMPILER_APPICON_NAME = AppIcon;
				ASSETCATALOG_COMPILER_GLOBAL_ACCENT_COLOR_NAME = AccentColor;
				ASSETCATALOG_COMPILER_INCLUDE_ALL_APPICON_ASSETS = YES;
				CODE_SIGN_STYLE = Automatic;
				CURRENT_PROJECT_VERSION = 1;
				DEVELOPMENT_ASSET_PATHS = "\"UpToYou/Preview Content\"";
				ENABLE_PREVIEWS = YES;
				GENERATE_INFOPLIST_FILE = YES;
				INFOPLIST_KEY_UIApplicationSceneManifest_Generation = YES;
				INFOPLIST_KEY_UIApplicationSupportsIndirectInputEvents = YES;
				INFOPLIST_KEY_UILaunchScreen_Generation = YES;
				INFOPLIST_KEY_UISupportedInterfaceOrientations_iPad = "UIInterfaceOrientationPortrait UIInterfaceOrientationPortraitUpsideDown UIInterfaceOrientationLandscapeLeft UIInterfaceOrientationLandscapeRight";
				INFOPLIST_KEY_UISupportedInterfaceOrientations_iPhone = "UIInterfaceOrientationPortrait UIInterfaceOrientationLandscapeLeft UIInterfaceOrientationLandscapeRight";
				IPHONEOS_DEPLOYMENT_TARGET = 17.6;
				LD_RUNPATH_SEARCH_PATHS = (
					"$(inherited)",
					"@executable_path/Frameworks",
				);
				MARKETING_VERSION = 1.0;
				PRODUCT_BUNDLE_IDENTIFIER = com.Matt.UpToYou;
				PRODUCT_NAME = "$(TARGET_NAME)";
				SWIFT_EMIT_LOC_STRINGS = YES;
				SWIFT_VERSION = 5.0;
				TARGETED_DEVICE_FAMILY = "1,2";
			};
			name = Release;
		};
		772189342D728DD300BCDBF3 /* Debug */ = {
			isa = XCBuildConfiguration;
			buildSettings = {
				BUNDLE_LOADER = "$(TEST_HOST)";
				CODE_SIGN_STYLE = Automatic;
				CURRENT_PROJECT_VERSION = 1;
				GENERATE_INFOPLIST_FILE = YES;
				IPHONEOS_DEPLOYMENT_TARGET = 18.2;
				MARKETING_VERSION = 1.0;
				PRODUCT_BUNDLE_IDENTIFIER = com.Matt.UpToYouTests;
				PRODUCT_NAME = "$(TARGET_NAME)";
				SWIFT_EMIT_LOC_STRINGS = NO;
				SWIFT_VERSION = 5.0;
				TARGETED_DEVICE_FAMILY = "1,2";
				TEST_HOST = "$(BUILT_PRODUCTS_DIR)/UpToYou.app/$(BUNDLE_EXECUTABLE_FOLDER_PATH)/UpToYou";
			};
			name = Debug;
		};
		772189352D728DD300BCDBF3 /* Release */ = {
			isa = XCBuildConfiguration;
			buildSettings = {
				BUNDLE_LOADER = "$(TEST_HOST)";
				CODE_SIGN_STYLE = Automatic;
				CURRENT_PROJECT_VERSION = 1;
				GENERATE_INFOPLIST_FILE = YES;
				IPHONEOS_DEPLOYMENT_TARGET = 18.2;
				MARKETING_VERSION = 1.0;
				PRODUCT_BUNDLE_IDENTIFIER = com.Matt.UpToYouTests;
				PRODUCT_NAME = "$(TARGET_NAME)";
				SWIFT_EMIT_LOC_STRINGS = NO;
				SWIFT_VERSION = 5.0;
				TARGETED_DEVICE_FAMILY = "1,2";
				TEST_HOST = "$(BUILT_PRODUCTS_DIR)/UpToYou.app/$(BUNDLE_EXECUTABLE_FOLDER_PATH)/UpToYou";
			};
			name = Release;
		};
		772189372D728DD300BCDBF3 /* Debug */ = {
			isa = XCBuildConfiguration;
			buildSettings = {
				CODE_SIGN_STYLE = Automatic;
				CURRENT_PROJECT_VERSION = 1;
				GENERATE_INFOPLIST_FILE = YES;
				MARKETING_VERSION = 1.0;
				PRODUCT_BUNDLE_IDENTIFIER = com.Matt.UpToYouUITests;
				PRODUCT_NAME = "$(TARGET_NAME)";
				SWIFT_EMIT_LOC_STRINGS = NO;
				SWIFT_VERSION = 5.0;
				TARGETED_DEVICE_FAMILY = "1,2";
				TEST_TARGET_NAME = UpToYou;
			};
			name = Debug;
		};
		772189382D728DD300BCDBF3 /* Release */ = {
			isa = XCBuildConfiguration;
			buildSettings = {
				CODE_SIGN_STYLE = Automatic;
				CURRENT_PROJECT_VERSION = 1;
				GENERATE_INFOPLIST_FILE = YES;
				MARKETING_VERSION = 1.0;
				PRODUCT_BUNDLE_IDENTIFIER = com.Matt.UpToYouUITests;
				PRODUCT_NAME = "$(TARGET_NAME)";
				SWIFT_EMIT_LOC_STRINGS = NO;
				SWIFT_VERSION = 5.0;
				TARGETED_DEVICE_FAMILY = "1,2";
				TEST_TARGET_NAME = UpToYou;
			};
			name = Release;
		};
/* End XCBuildConfiguration section */

/* Begin XCConfigurationList section */
		772189072D728DCA00BCDBF3 /* Build configuration list for PBXProject "UpToYou" */ = {
			isa = XCConfigurationList;
			buildConfigurations = (
				7721892E2D728DD300BCDBF3 /* Debug */,
				7721892F2D728DD300BCDBF3 /* Release */,
			);
			defaultConfigurationIsVisible = 0;
			defaultConfigurationName = Release;
		};
		772189302D728DD300BCDBF3 /* Build configuration list for PBXNativeTarget "UpToYou" */ = {
			isa = XCConfigurationList;
			buildConfigurations = (
				772189312D728DD300BCDBF3 /* Debug */,
				772189322D728DD300BCDBF3 /* Release */,
			);
			defaultConfigurationIsVisible = 0;
			defaultConfigurationName = Release;
		};
		772189332D728DD300BCDBF3 /* Build configuration list for PBXNativeTarget "UpToYouTests" */ = {
			isa = XCConfigurationList;
			buildConfigurations = (
				772189342D728DD300BCDBF3 /* Debug */,
				772189352D728DD300BCDBF3 /* Release */,
			);
			defaultConfigurationIsVisible = 0;
			defaultConfigurationName = Release;
		};
		772189362D728DD300BCDBF3 /* Build configuration list for PBXNativeTarget "UpToYouUITests" */ = {
			isa = XCConfigurationList;
			buildConfigurations = (
				772189372D728DD300BCDBF3 /* Debug */,
				772189382D728DD300BCDBF3 /* Release */,
			);
			defaultConfigurationIsVisible = 0;
			defaultConfigurationName = Release;
		};
/* End XCConfigurationList section */

/* Begin XCRemoteSwiftPackageReference section */
		77ACB4B42D74E878003AA09B /* XCRemoteSwiftPackageReference "firebase-ios-sdk" */ = {
			isa = XCRemoteSwiftPackageReference;
			repositoryURL = "https://github.com/firebase/firebase-ios-sdk";
			requirement = {
				kind = upToNextMajorVersion;
				minimumVersion = 11.9.0;
			};
		};
/* End XCRemoteSwiftPackageReference section */

/* Begin XCSwiftPackageProductDependency section */
		77ACB4B52D74EA80003AA09B /* FirebaseAuth */ = {
			isa = XCSwiftPackageProductDependency;
			package = 77ACB4B42D74E878003AA09B /* XCRemoteSwiftPackageReference "firebase-ios-sdk" */;
			productName = FirebaseAuth;
		};
		77ACB4B72D74EA80003AA09B /* FirebaseFirestore */ = {
			isa = XCSwiftPackageProductDependency;
			package = 77ACB4B42D74E878003AA09B /* XCRemoteSwiftPackageReference "firebase-ios-sdk" */;
			productName = FirebaseFirestore;
		};
/* End XCSwiftPackageProductDependency section */
	};
	rootObject = 772189042D728DCA00BCDBF3 /* Project object */;
}
